
Microsoft Visual Studio Solution File, Format Version 12.00
# Visual Studio Version 17
VisualStudioVersion = 17.7.34221.43
MinimumVisualStudioVersion = 10.0.40219.1
Project("{FAE04EC0-301F-11D3-BF4B-00C04F79EFBC}") = "Course (Minesweeper) v1 Application", "Course (Minesweeper) v1 Application\Course (Minesweeper) v1 Application.csproj", "{B60F42D1-78C4-4E76-9493-9DA89C81AF65}"
EndProject
Project("{FAE04EC0-301F-11D3-BF4B-00C04F79EFBC}") = "Course (Minesweeper) v1 Library", "Course (Minesweeper) v1 Library\Course (Minesweeper) v1 Library.csproj", "{286FBC51-E6F4-4FC2-968B-6CE2E96F1833}"
EndProject
Project("{FAE04EC0-301F-11D3-BF4B-00C04F79EFBC}") = "Course (Minesweeper) v2 Application", "Course (Minesweeper) v2 Application\Course (Minesweeper) v2 Application.csproj", "{6F1BE689-CF64-485D-86BD-2D121A4B69BE}"
EndProject
Project("{FAE04EC0-301F-11D3-BF4B-00C04F79EFBC}") = "Course (Minesweeper) v2 Library", "Course (Minesweeper) v2 Library\Course (Minesweeper) v2 Library.csproj", "{1A0FD288-8F13-446E-86E6-C2B37AD710A4}"
EndProject
Global
	GlobalSection(SolutionConfigurationPlatforms) = preSolution
		Debug|Any CPU = Debug|Any CPU
		Release|Any CPU = Release|Any CPU
	EndGlobalSection
	GlobalSection(ProjectConfigurationPlatforms) = postSolution
		{B60F42D1-78C4-4E76-9493-9DA89C81AF65}.Debug|Any CPU.ActiveCfg = Debug|Any CPU
		{B60F42D1-78C4-4E76-9493-9DA89C81AF65}.Debug|Any CPU.Build.0 = Debug|Any CPU
		{B60F42D1-78C4-4E76-9493-9DA89C81AF65}.Release|Any CPU.ActiveCfg = Release|Any CPU
		{B60F42D1-78C4-4E76-9493-9DA89C81AF65}.Release|Any CPU.Build.0 = Release|Any CPU
		{286FBC51-E6F4-4FC2-968B-6CE2E96F1833}.Debug|Any CPU.ActiveCfg = Debug|Any CPU
		{286FBC51-E6F4-4FC2-968B-6CE2E96F1833}.Debug|Any CPU.Build.0 = Debug|Any CPU
		{286FBC51-E6F4-4FC2-968B-6CE2E96F1833}.Release|Any CPU.ActiveCfg = Release|Any CPU
		{286FBC51-E6F4-4FC2-968B-6CE2E96F1833}.Release|Any CPU.Build.0 = Release|Any CPU
		{6F1BE689-CF64-485D-86BD-2D121A4B69BE}.Debug|Any CPU.ActiveCfg = Debug|Any CPU
		{6F1BE689-CF64-485D-86BD-2D121A4B69BE}.Debug|Any CPU.Build.0 = Debug|Any CPU
		{6F1BE689-CF64-485D-86BD-2D121A4B69BE}.Release|Any CPU.ActiveCfg = Release|Any CPU
		{6F1BE689-CF64-485D-86BD-2D121A4B69BE}.Release|Any CPU.Build.0 = Release|Any CPU
		{1A0FD288-8F13-446E-86E6-C2B37AD710A4}.Debug|Any CPU.ActiveCfg = Debug|Any CPU
		{1A0FD288-8F13-446E-86E6-C2B37AD710A4}.Debug|Any CPU.Build.0 = Debug|Any CPU
		{1A0FD288-8F13-446E-86E6-C2B37AD710A4}.Release|Any CPU.ActiveCfg = Release|Any CPU
		{1A0FD288-8F13-446E-86E6-C2B37AD710A4}.Release|Any CPU.Build.0 = Release|Any CPU
	EndGlobalSection
	GlobalSection(SolutionProperties) = preSolution
		HideSolutionNode = FALSE
	EndGlobalSection
	GlobalSection(ExtensibilityGlobals) = postSolution
		SolutionGuid = {61A01BD2-14CD-4AE0-B95F-60FCCA934531}
	EndGlobalSection
EndGlobal
